
Microsoft Visual Studio Solution File, Format Version 12.00
# Visual Studio Version 18
VisualStudioVersion = 18.6.11822.322
MinimumVisualStudioVersion = 10.0.40219.1
Project("{FAE04EC0-301F-11D3-BF4B-00C04F79EFBC}") = "DeepSeekCode", "DeepSeekCode.csproj", "{4B71A1FC-0702-519F-BCFE-49475ADA910F}"
EndProject
Project("{FAE04EC0-301F-11D3-BF4B-00C04F79EFBC}") = "DeepSeekCode.Tests", "..\DeepSeekCode.Tests\DeepSeekCode.Tests.csproj", "{4F35A1CE-6FED-48AB-B598-99E250EB8A2A}"
EndProject
Global
	GlobalSection(SolutionConfigurationPlatforms) = preSolution
		Debug|Any CPU = Debug|Any CPU
		Debug|x64 = Debug|x64
		Debug|x86 = Debug|x86
		Release|Any CPU = Release|Any CPU
		Release|x64 = Release|x64
		Release|x86 = Release|x86
	EndGlobalSection
	GlobalSection(ProjectConfigurationPlatforms) = postSolution
		{4B71A1FC-0702-519F-BCFE-49475ADA910F}.Debug|Any CPU.ActiveCfg = Debug|Any CPU
		{4B71A1FC-0702-519F-BCFE-49475ADA910F}.Debug|Any CPU.Build.0 = Debug|Any CPU
		{4B71A1FC-0702-519F-BCFE-49475ADA910F}.Debug|x64.ActiveCfg = Debug|Any CPU
		{4B71A1FC-0702-519F-BCFE-49475ADA910F}.Debug|x64.Build.0 = Debug|Any CPU
		{4B71A1FC-0702-519F-BCFE-49475ADA910F}.Debug|x86.ActiveCfg = Debug|Any CPU
		{4B71A1FC-0702-519F-BCFE-49475ADA910F}.Debug|x86.Build.0 = Debug|Any CPU
		{4B71A1FC-0702-519F-BCFE-49475ADA910F}.Release|Any CPU.ActiveCfg = Release|Any CPU
		{4B71A1FC-0702-519F-BCFE-49475ADA910F}.Release|Any CPU.Build.0 = Release|Any CPU
		{4B71A1FC-0702-519F-BCFE-49475ADA910F}.Release|x64.ActiveCfg = Release|Any CPU
		{4B71A1FC-0702-519F-BCFE-49475ADA910F}.Release|x64.Build.0 = Release|Any CPU
		{4B71A1FC-0702-519F-BCFE-49475ADA910F}.Release|x86.ActiveCfg = Release|Any CPU
		{4B71A1FC-0702-519F-BCFE-49475ADA910F}.Release|x86.Build.0 = Release|Any CPU
		{4F35A1CE-6FED-48AB-B598-99E250EB8A2A}.Debug|Any CPU.ActiveCfg = Debug|Any CPU
		{4F35A1CE-6FED-48AB-B598-99E250EB8A2A}.Debug|Any CPU.Build.0 = Debug|Any CPU
		{4F35A1CE-6FED-48AB-B598-99E250EB8A2A}.Debug|x64.ActiveCfg = Debug|Any CPU
		{4F35A1CE-6FED-48AB-B598-99E250EB8A2A}.Debug|x64.Build.0 = Debug|Any CPU
		{4F35A1CE-6FED-48AB-B598-99E250EB8A2A}.Debug|x86.ActiveCfg = Debug|Any CPU
		{4F35A1CE-6FED-48AB-B598-99E250EB8A2A}.Debug|x86.Build.0 = Debug|Any CPU
		{4F35A1CE-6FED-48AB-B598-99E250EB8A2A}.Release|Any CPU.ActiveCfg = Release|Any CPU
		{4F35A1CE-6FED-48AB-B598-99E250EB8A2A}.Release|Any CPU.Build.0 = Release|Any CPU
		{4F35A1CE-6FED-48AB-B598-99E250EB8A2A}.Release|x64.ActiveCfg = Release|Any CPU
		{4F35A1CE-6FED-48AB-B598-99E250EB8A2A}.Release|x64.Build.0 = Release|Any CPU
		{4F35A1CE-6FED-48AB-B598-99E250EB8A2A}.Release|x86.ActiveCfg = Release|Any CPU
		{4F35A1CE-6FED-48AB-B598-99E250EB8A2A}.Release|x86.Build.0 = Release|Any CPU
	EndGlobalSection
	GlobalSection(SolutionProperties) = preSolution
		HideSolutionNode = FALSE
	EndGlobalSection
	GlobalSection(ExtensibilityGlobals) = postSolution
		SolutionGuid = {3FA2071F-D10E-4457-BF99-759624C5D541}
	EndGlobalSection
EndGlobal
